schema: '2.0'
stages:
  download_data:
    cmd: cp ../data/shared_data.xml data/data.xml
    deps:
    - path: ../data/shared_data.xml
      hash: md5
      md5: a86ca87250ed8e54a9e2e8d6d34c252e
      size: 37916850
    outs:
    - path: data/data.xml
      hash: md5
      md5: a86ca87250ed8e54a9e2e8d6d34c252e
      size: 37916850
  train:
    cmd: python train.py
    params:
      params.yaml:
        epochs: 5
        sleep: 3
    outs:
    - path: dvclive/metrics.json
      hash: md5
      md5: 0dbec1ca9f0e7daec63900f10ca8b3ce
      size: 79
    - path: dvclive/plots
      hash: md5
      md5: 3a0d9a14494d349a8c7e3cc5600cdf2e.dir
      size: 222
      nfiles: 2
